{
  "name": "devcontainer-tools-v2-v3",
  "lockfileVersion": 3,
  "requires": true,
  "packages": {
    "": {
      "devDependencies": {
        "@meitogi/devcontainer-cli": "^0.8.1"
      }
    },
    "node_modules/@meitogi/devcontainer-cli": {
      "version": "0.8.1",
      "resolved": "https://registry.npmjs.org/@meitogi/devcontainer-cli/-/devcontainer-cli-0.8.1.tgz",
      "integrity": "sha512-df20iAxgiA+hQvSo+M44hSyoE2sVVJlAouY3Wa/gOUJXtH0KrT9dmmQVF2NB4O+zmr9jZHmNPiOQk5iCGU77cg==",
      "dev": true,
      "license": "MIT",
      "bin": {
        "devc": "bin/devc.mjs"
      },
      "engines": {
        "node": ">=18"
      }
    }
  }
}
